
Microsoft Visual Studio Solution File, Format Version 12.00
# Visual Studio Version 16
VisualStudioVersion = 16.0.29424.173
MinimumVisualStudioVersion = 10.0.40219.1
Project("{FAE04EC0-301F-11D3-BF4B-00C04F79EFBC}") = "predictive_coding", "predictive_coding\predictive_coding.csproj", "{FFF90B80-3ACB-4F9D-99AD-2EE4EE959BE7}"
EndProject
Global
	GlobalSection(SolutionConfigurationPlatforms) = preSolution
		Debug|Any CPU = Debug|Any CPU
		Release|Any CPU = Release|Any CPU
	EndGlobalSection
	GlobalSection(ProjectConfigurationPlatforms) = postSolution
		{FFF90B80-3ACB-4F9D-99AD-2EE4EE959BE7}.Debug|Any CPU.ActiveCfg = Debug|Any CPU
		{FFF90B80-3ACB-4F9D-99AD-2EE4EE959BE7}.Debug|Any CPU.Build.0 = Debug|Any CPU
		{FFF90B80-3ACB-4F9D-99AD-2EE4EE959BE7}.Release|Any CPU.ActiveCfg = Release|Any CPU
		{FFF90B80-3ACB-4F9D-99AD-2EE4EE959BE7}.Release|Any CPU.Build.0 = Release|Any CPU
	EndGlobalSection
	GlobalSection(SolutionProperties) = preSolution
		HideSolutionNode = FALSE
	EndGlobalSection
	GlobalSection(ExtensibilityGlobals) = postSolution
		SolutionGuid = {5E7D075F-223A-42B4-A26D-BB9C2F96B3D5}
	EndGlobalSection
EndGlobal
